
Microsoft Visual Studio Solution File, Format Version 12.00
# Visual Studio 15
VisualStudioVersion = 15.0.28010.2048
MinimumVisualStudioVersion = 10.0.40219.1
Project("{FAE04EC0-301F-11D3-BF4B-00C04F79EFBC}") = "WCF_REST_BasicAuthentication", "WcfWebHttpIISHostingSample\WCF_REST_BasicAuthentication.csproj", "{97CC24BC-2728-420C-A5D8-5419C97A6101}"
EndProject
Global
	GlobalSection(SolutionConfigurationPlatforms) = preSolution
		Debug|Any CPU = Debug|Any CPU
		Release|Any CPU = Release|Any CPU
	EndGlobalSection
	GlobalSection(ProjectConfigurationPlatforms) = postSolution
		{97CC24BC-2728-420C-A5D8-5419C97A6101}.Debug|Any CPU.ActiveCfg = Debug|Any CPU
		{97CC24BC-2728-420C-A5D8-5419C97A6101}.Debug|Any CPU.Build.0 = Debug|Any CPU
		{97CC24BC-2728-420C-A5D8-5419C97A6101}.Release|Any CPU.ActiveCfg = Release|Any CPU
		{97CC24BC-2728-420C-A5D8-5419C97A6101}.Release|Any CPU.Build.0 = Release|Any CPU
	EndGlobalSection
	GlobalSection(SolutionProperties) = preSolution
		HideSolutionNode = FALSE
	EndGlobalSection
	GlobalSection(ExtensibilityGlobals) = postSolution
		SolutionGuid = {C2157281-4E37-4828-B145-254D31813615}
	EndGlobalSection
EndGlobal
